// !$*UTF8*$!
{
	archiveVersion = 1;
	classes = {
	};
	objectVersion = 55;
	objects = {

/* Begin PBXBuildFile section */
		7B915F2720B83DAA4187D9ED /* Pods_randomuser.framework in Frameworks */ = {isa = PBXBuildFile; fileRef = C550279081202E6BC5AC8520 /* Pods_randomuser.framework */; };
		F1550F282A077FA6007672C1 /* LicenseViewController.swift in Sources */ = {isa = PBXBuildFile; fileRef = F1550F262A077FA6007672C1 /* LicenseViewController.swift */; };
		F1550F292A077FA6007672C1 /* LicenseViewController.xib in Resources */ = {isa = PBXBuildFile; fileRef = F1550F272A077FA6007672C1 /* LicenseViewController.xib */; };
		F161C3D32A062BBE00EFA327 /* AppDelegate.swift in Sources */ = {isa = PBXBuildFile; fileRef = F161C3D22A062BBE00EFA327 /* AppDelegate.swift */; };
		F161C3D72A062BBE00EFA327 /* ViewController.swift in Sources */ = {isa = PBXBuildFile; fileRef = F161C3D62A062BBE00EFA327 /* ViewController.swift */; };
		F161C3DA2A062BBE00EFA327 /* Main.storyboard in Resources */ = {isa = PBXBuildFile; fileRef = F161C3D82A062BBE00EFA327 /* Main.storyboard */; };
		F161C3DC2A062BBF00EFA327 /* Assets.xcassets in Resources */ = {isa = PBXBuildFile; fileRef = F161C3DB2A062BBF00EFA327 /* Assets.xcassets */; };
		F161C3DF2A062BBF00EFA327 /* LaunchScreen.storyboard in Resources */ = {isa = PBXBuildFile; fileRef = F161C3DD2A062BBF00EFA327 /* LaunchScreen.storyboard */; };
		F161C3E82A06303A00EFA327 /* ApiController.swift in Sources */ = {isa = PBXBuildFile; fileRef = F161C3E72A06303A00EFA327 /* ApiController.swift */; };
		F161C3EB2A06357B00EFA327 /* UsersDto.swift in Sources */ = {isa = PBXBuildFile; fileRef = F161C3EA2A06357B00EFA327 /* UsersDto.swift */; };
		F161C3ED2A0635E200EFA327 /* UserDto.swift in Sources */ = {isa = PBXBuildFile; fileRef = F161C3EC2A0635E200EFA327 /* UserDto.swift */; };
		F161C3EF2A06366C00EFA327 /* NameDto.swift in Sources */ = {isa = PBXBuildFile; fileRef = F161C3EE2A06366C00EFA327 /* NameDto.swift */; };
		F161C3F12A06369B00EFA327 /* PictureDto.swift in Sources */ = {isa = PBXBuildFile; fileRef = F161C3F02A06369B00EFA327 /* PictureDto.swift */; };
		F161C3F32A06380F00EFA327 /* ErrorDto.swift in Sources */ = {isa = PBXBuildFile; fileRef = F161C3F22A06380F00EFA327 /* ErrorDto.swift */; };
		F161C3F62A063A9300EFA327 /* UserTableViewCell.swift in Sources */ = {isa = PBXBuildFile; fileRef = F161C3F42A063A9300EFA327 /* UserTableViewCell.swift */; };
		F161C3F72A063A9300EFA327 /* UserTableViewCell.xib in Resources */ = {isa = PBXBuildFile; fileRef = F161C3F52A063A9300EFA327 /* UserTableViewCell.xib */; };
		F161C4072A06498E00EFA327 /* ProfilePopup.swift in Sources */ = {isa = PBXBuildFile; fileRef = F161C4052A06498E00EFA327 /* ProfilePopup.swift */; };
		F161C4082A06498E00EFA327 /* ProfilePopup.xib in Resources */ = {isa = PBXBuildFile; fileRef = F161C4062A06498E00EFA327 /* ProfilePopup.xib */; };
		F18C36EA2A07707A0022B4B8 /* UIImageView+Extension.swift in Sources */ = {isa = PBXBuildFile; fileRef = F18C36E92A07707A0022B4B8 /* UIImageView+Extension.swift */; };
/* End PBXBuildFile section */

/* Begin PBXFileReference section */
		30602AFBD608BC37741CE503 /* Pods-randomuser.debug.xcconfig */ = {isa = PBXFileReference; includeInIndex = 1; lastKnownFileType = text.xcconfig; name = "Pods-randomuser.debug.xcconfig"; path = "Target Support Files/Pods-randomuser/Pods-randomuser.debug.xcconfig"; sourceTree = "<group>"; };
		BB46754EEA1DCC2956680513 /* Pods-randomuser.release.xcconfig */ = {isa = PBXFileReference; includeInIndex = 1; lastKnownFileType = text.xcconfig; name = "Pods-randomuser.release.xcconfig"; path = "Target Support Files/Pods-randomuser/Pods-randomuser.release.xcconfig"; sourceTree = "<group>"; };
		C550279081202E6BC5AC8520 /* Pods_randomuser.framework */ = {isa = PBXFileReference; explicitFileType = wrapper.framework; includeInIndex = 0; path = Pods_randomuser.framework; sourceTree = BUILT_PRODUCTS_DIR; };
		F1550F262A077FA6007672C1 /* LicenseViewController.swift */ = {isa = PBXFileReference; lastKnownFileType = sourcecode.swift; path = LicenseViewController.swift; sourceTree = "<group>"; };
		F1550F272A077FA6007672C1 /* LicenseViewController.xib */ = {isa = PBXFileReference; lastKnownFileType = file.xib; path = LicenseViewController.xib; sourceTree = "<group>"; };
		F161C3CF2A062BBE00EFA327 /* randomuser.app */ = {isa = PBXFileReference; explicitFileType = wrapper.application; includeInIndex = 0; path = randomuser.app; sourceTree = BUILT_PRODUCTS_DIR; };
		F161C3D22A062BBE00EFA327 /* AppDelegate.swift */ = {isa = PBXFileReference; lastKnownFileType = sourcecode.swift; path = AppDelegate.swift; sourceTree = "<group>"; };
		F161C3D62A062BBE00EFA327 /* ViewController.swift */ = {isa = PBXFileReference; lastKnownFileType = sourcecode.swift; path = ViewController.swift; sourceTree = "<group>"; };
		F161C3D92A062BBE00EFA327 /* Base */ = {isa = PBXFileReference; lastKnownFileType = file.storyboard; name = Base; path = Base.lproj/Main.storyboard; sourceTree = "<group>"; };
		F161C3DB2A062BBF00EFA327 /* Assets.xcassets */ = {isa = PBXFileReference; lastKnownFileType = folder.assetcatalog; path = Assets.xcassets; sourceTree = "<group>"; };
		F161C3DE2A062BBF00EFA327 /* Base */ = {isa = PBXFileReference; lastKnownFileType = file.storyboard; name = Base; path = Base.lproj/LaunchScreen.storyboard; sourceTree = "<group>"; };
		F161C3E02A062BBF00EFA327 /* Info.plist */ = {isa = PBXFileReference; lastKnownFileType = text.plist.xml; path = Info.plist; sourceTree = "<group>"; };
		F161C3E72A06303A00EFA327 /* ApiController.swift */ = {isa = PBXFileReference; lastKnownFileType = sourcecode.swift; path = ApiController.swift; sourceTree = "<group>"; };
		F161C3EA2A06357B00EFA327 /* UsersDto.swift */ = {isa = PBXFileReference; lastKnownFileType = sourcecode.swift; path = UsersDto.swift; sourceTree = "<group>"; };
		F161C3EC2A0635E200EFA327 /* UserDto.swift */ = {isa = PBXFileReference; lastKnownFileType = sourcecode.swift; path = UserDto.swift; sourceTree = "<group>"; };
		F161C3EE2A06366C00EFA327 /* NameDto.swift */ = {isa = PBXFileReference; lastKnownFileType = sourcecode.swift; path = NameDto.swift; sourceTree = "<group>"; };
		F161C3F02A06369B00EFA327 /* PictureDto.swift */ = {isa = PBXFileReference; lastKnownFileType = sourcecode.swift; path = PictureDto.swift; sourceTree = "<group>"; };
		F161C3F22A06380F00EFA327 /* ErrorDto.swift */ = {isa = PBXFileReference; lastKnownFileType = sourcecode.swift; path = ErrorDto.swift; sourceTree = "<group>"; };
		F161C3F42A063A9300EFA327 /* UserTableViewCell.swift */ = {isa = PBXFileReference; lastKnownFileType = sourcecode.swift; path = UserTableViewCell.swift; sourceTree = "<group>"; };
		F161C3F52A063A9300EFA327 /* UserTableViewCell.xib */ = {isa = PBXFileReference; lastKnownFileType = file.xib; path = UserTableViewCell.xib; sourceTree = "<group>"; };
		F161C4052A06498E00EFA327 /* ProfilePopup.swift */ = {isa = PBXFileReference; fileEncoding = 4; lastKnownFileType = sourcecode.swift; path = ProfilePopup.swift; sourceTree = "<group>"; };
		F161C4062A06498E00EFA327 /* ProfilePopup.xib */ = {isa = PBXFileReference; fileEncoding = 4; lastKnownFileType = file.xib; path = ProfilePopup.xib; sourceTree = "<group>"; };
		F18C36E92A07707A0022B4B8 /* UIImageView+Extension.swift */ = {isa = PBXFileReference; lastKnownFileType = sourcecode.swift; path = "UIImageView+Extension.swift"; sourceTree = "<group>"; };
/* End PBXFileReference section */

/* Begin PBXFrameworksBuildPhase section */
		F161C3CC2A062BBE00EFA327 /* Frameworks */ = {
			isa = PBXFrameworksBuildPhase;
			buildActionMask = 2147483647;
			files = (
				7B915F2720B83DAA4187D9ED /* Pods_randomuser.framework in Frameworks */,
			);
			runOnlyForDeploymentPostprocessing = 0;
		};
/* End PBXFrameworksBuildPhase section */

/* Begin PBXGroup section */
		C4BF791B01E7F238766514C0 /* Frameworks */ = {
			isa = PBXGroup;
			children = (
				C550279081202E6BC5AC8520 /* Pods_randomuser.framework */,
			);
			name = Frameworks;
			sourceTree = "<group>";
		};
		EE5AB7D6475C94C85825964E /* Pods */ = {
			isa = PBXGroup;
			children = (
				30602AFBD608BC37741CE503 /* Pods-randomuser.debug.xcconfig */,
				BB46754EEA1DCC2956680513 /* Pods-randomuser.release.xcconfig */,
			);
			path = Pods;
			sourceTree = "<group>";
		};
		F161C3C62A062BBE00EFA327 = {
			isa = PBXGroup;
			children = (
				F161C3D12A062BBE00EFA327 /* randomuser */,
				F161C3D02A062BBE00EFA327 /* Products */,
				EE5AB7D6475C94C85825964E /* Pods */,
				C4BF791B01E7F238766514C0 /* Frameworks */,
			);
			sourceTree = "<group>";
		};
		F161C3D02A062BBE00EFA327 /* Products */ = {
			isa = PBXGroup;
			children = (
				F161C3CF2A062BBE00EFA327 /* randomuser.app */,
			);
			name = Products;
			sourceTree = "<group>";
		};
		F161C3D12A062BBE00EFA327 /* randomuser */ = {
			isa = PBXGroup;
			children = (
				F161C3F92A06447F00EFA327 /* UI */,
				F161C3E92A06356600EFA327 /* Struct */,
				F161C3E62A062C7400EFA327 /* Util */,
				F161C3D22A062BBE00EFA327 /* AppDelegate.swift */,
				F161C3D62A062BBE00EFA327 /* ViewController.swift */,
				F161C3D82A062BBE00EFA327 /* Main.storyboard */,
				F161C3DB2A062BBF00EFA327 /* Assets.xcassets */,
				F161C3DD2A062BBF00EFA327 /* LaunchScreen.storyboard */,
				F161C3E02A062BBF00EFA327 /* Info.plist */,
				F1550F262A077FA6007672C1 /* LicenseViewController.swift */,
				F1550F272A077FA6007672C1 /* LicenseViewController.xib */,
			);
			path = randomuser;
			sourceTree = "<group>";
		};
		F161C3E62A062C7400EFA327 /* Util */ = {
			isa = PBXGroup;
			children = (
				F161C3E72A06303A00EFA327 /* ApiController.swift */,
				F18C36E92A07707A0022B4B8 /* UIImageView+Extension.swift */,
			);
			path = Util;
			sourceTree = "<group>";
		};
		F161C3E92A06356600EFA327 /* Struct */ = {
			isa = PBXGroup;
			children = (
				F161C3EA2A06357B00EFA327 /* UsersDto.swift */,
				F161C3EC2A0635E200EFA327 /* UserDto.swift */,
				F161C3EE2A06366C00EFA327 /* NameDto.swift */,
				F161C3F02A06369B00EFA327 /* PictureDto.swift */,
				F161C3F22A06380F00EFA327 /* ErrorDto.swift */,
			);
			path = Struct;
			sourceTree = "<group>";
		};
		F161C3F82A063B1C00EFA327 /* Cell */ = {
			isa = PBXGroup;
			children = (
				F161C3F42A063A9300EFA327 /* UserTableViewCell.swift */,
				F161C3F52A063A9300EFA327 /* UserTableViewCell.xib */,
			);
			name = Cell;
			path = ..;
			sourceTree = "<group>";
		};
		F161C3F92A06447F00EFA327 /* UI */ = {
			isa = PBXGroup;
			children = (
				F161C4042A06498E00EFA327 /* Popup */,
				F161C3F82A063B1C00EFA327 /* Cell */,
			);
			path = UI;
			sourceTree = "<group>";
		};
		F161C4042A06498E00EFA327 /* Popup */ = {
			isa = PBXGroup;
			children = (
				F161C4052A06498E00EFA327 /* ProfilePopup.swift */,
				F161C4062A06498E00EFA327 /* ProfilePopup.xib */,
			);
			path = Popup;
			sourceTree = "<group>";
		};
/* End PBXGroup section */

/* Begin PBXNativeTarget section */
		F161C3CE2A062BBE00EFA327 /* randomuser */ = {
			isa = PBXNativeTarget;
			buildConfigurationList = F161C3E32A062BBF00EFA327 /* Build configuration list for PBXNativeTarget "randomuser" */;
			buildPhases = (
				285705426183C79F8D87F506 /* [CP] Check Pods Manifest.lock */,
				F161C3CB2A062BBE00EFA327 /* Sources */,
				F161C3CC2A062BBE00EFA327 /* Frameworks */,
				F161C3CD2A062BBE00EFA327 /* Resources */,
				46938D4DC74879A3ABA3FF76 /* [CP] Embed Pods Frameworks */,
			);
			buildRules = (
			);
			dependencies = (
			);
			name = randomuser;
			productName = randomuser;
			productReference = F161C3CF2A062BBE00EFA327 /* randomuser.app */;
			productType = "com.apple.product-type.application";
		};
/* End PBXNativeTarget section */

/* Begin PBXProject section */
		F161C3C72A062BBE00EFA327 /* Project object */ = {
			isa = PBXProject;
			attributes = {
				BuildIndependentTargetsInParallel = 1;
				LastSwiftUpdateCheck = 1430;
				LastUpgradeCheck = 1430;
				TargetAttributes = {
					F161C3CE2A062BBE00EFA327 = {
						CreatedOnToolsVersion = 14.3;
					};
				};
			};
			buildConfigurationList = F161C3CA2A062BBE00EFA327 /* Build configuration list for PBXProject "randomuser" */;
			compatibilityVersion = "Xcode 13.0";
			developmentRegion = en;
			hasScannedForEncodings = 0;
			knownRegions = (
				en,
				Base,
			);
			mainGroup = F161C3C62A062BBE00EFA327;
			productRefGroup = F161C3D02A062BBE00EFA327 /* Products */;
			projectDirPath = "";
			projectRoot = "";
			targets = (
				F161C3CE2A062BBE00EFA327 /* randomuser */,
			);
		};
/* End PBXProject section */

/* Begin PBXResourcesBuildPhase section */
		F161C3CD2A062BBE00EFA327 /* Resources */ = {
			isa = PBXResourcesBuildPhase;
			buildActionMask = 2147483647;
			files = (
				F161C4082A06498E00EFA327 /* ProfilePopup.xib in Resources */,
				F161C3F72A063A9300EFA327 /* UserTableViewCell.xib in Resources */,
				F161C3DF2A062BBF00EFA327 /* LaunchScreen.storyboard in Resources */,
				F161C3DC2A062BBF00EFA327 /* Assets.xcassets in Resources */,
				F1550F292A077FA6007672C1 /* LicenseViewController.xib in Resources */,
				F161C3DA2A062BBE00EFA327 /* Main.storyboard in Resources */,
			);
			runOnlyForDeploymentPostprocessing = 0;
		};
/* End PBXResourcesBuildPhase section */

/* Begin PBXShellScriptBuildPhase section */
		285705426183C79F8D87F506 /* [CP] Check Pods Manifest.lock */ = {
			isa = PBXShellScriptBuildPhase;
			buildActionMask = 2147483647;
			files = (
			);
			inputFileListPaths = (
			);
			inputPaths = (
				"${PODS_PODFILE_DIR_PATH}/Podfile.lock",
				"${PODS_ROOT}/Manifest.lock",
			);
			name = "[CP] Check Pods Manifest.lock";
			outputFileListPaths = (
			);
			outputPaths = (
				"$(DERIVED_FILE_DIR)/Pods-randomuser-checkManifestLockResult.txt",
			);
			runOnlyForDeploymentPostprocessing = 0;
			shellPath = /bin/sh;
			shellScript = "diff \"${PODS_PODFILE_DIR_PATH}/Podfile.lock\" \"${PODS_ROOT}/Manifest.lock\" > /dev/null\nif [ $? != 0 ] ; then\n    # print error to STDERR\n    echo \"error: The sandbox is not in sync with the Podfile.lock. Run 'pod install' or update your CocoaPods installation.\" >&2\n    exit 1\nfi\n# This output is used by Xcode 'outputs' to avoid re-running this script phase.\necho \"SUCCESS\" > \"${SCRIPT_OUTPUT_FILE_0}\"\n";
			showEnvVarsInLog = 0;
		};
		46938D4DC74879A3ABA3FF76 /* [CP] Embed Pods Frameworks */ = {
			isa = PBXShellScriptBuildPhase;
			buildActionMask = 2147483647;
			files = (
			);
			inputFileListPaths = (
				"${PODS_ROOT}/Target Support Files/Pods-randomuser/Pods-randomuser-frameworks-${CONFIGURATION}-input-files.xcfilelist",
			);
			name = "[CP] Embed Pods Frameworks";
			outputFileListPaths = (
				"${PODS_ROOT}/Target Support Files/Pods-randomuser/Pods-randomuser-frameworks-${CONFIGURATION}-output-files.xcfilelist",
			);
			runOnlyForDeploymentPostprocessing = 0;
			shellPath = /bin/sh;
			shellScript = "\"${PODS_ROOT}/Target Support Files/Pods-randomuser/Pods-randomuser-frameworks.sh\"\n";
			showEnvVarsInLog = 0;
		};
/* End PBXShellScriptBuildPhase section */

/* Begin PBXSourcesBuildPhase section */
		F161C3CB2A062BBE00EFA327 /* Sources */ = {
			isa = PBXSourcesBuildPhase;
			buildActionMask = 2147483647;
			files = (
				F161C3D72A062BBE00EFA327 /* ViewController.swift in Sources */,
				F161C3F62A063A9300EFA327 /* UserTableViewCell.swift in Sources */,
				F161C3D32A062BBE00EFA327 /* AppDelegate.swift in Sources */,
				F161C3F32A06380F00EFA327 /* ErrorDto.swift in Sources */,
				F1550F282A077FA6007672C1 /* LicenseViewController.swift in Sources */,
				F161C4072A06498E00EFA327 /* ProfilePopup.swift in Sources */,
				F161C3EF2A06366C00EFA327 /* NameDto.swift in Sources */,
				F161C3ED2A0635E200EFA327 /* UserDto.swift in Sources */,
				F18C36EA2A07707A0022B4B8 /* UIImageView+Extension.swift in Sources */,
				F161C3EB2A06357B00EFA327 /* UsersDto.swift in Sources */,
				F161C3F12A06369B00EFA327 /* PictureDto.swift in Sources */,
				F161C3E82A06303A00EFA327 /* ApiController.swift in Sources */,
			);
			runOnlyForDeploymentPostprocessing = 0;
		};
/* End PBXSourcesBuildPhase section */

/* Begin PBXVariantGroup section */
		F161C3D82A062BBE00EFA327 /* Main.storyboard */ = {
			isa = PBXVariantGroup;
			children = (
				F161C3D92A062BBE00EFA327 /* Base */,
			);
			name = Main.storyboard;
			sourceTree = "<group>";
		};
		F161C3DD2A062BBF00EFA327 /* LaunchScreen.storyboard */ = {
			isa = PBXVariantGroup;
			children = (
				F161C3DE2A062BBF00EFA327 /* Base */,
			);
			name = LaunchScreen.storyboard;
			sourceTree = "<group>";
		};
/* End PBXVariantGroup section */

/* Begin XCBuildConfiguration section */
		F161C3E12A062BBF00EFA327 /* Debug */ = {
			isa = XCBuildConfiguration;
			buildSettings = {
				ALWAYS_SEARCH_USER_PATHS = NO;
				CLANG_ANALYZER_NONNULL = YES;
				CLANG_ANALYZER_NUMBER_OBJECT_CONVERSION = YES_AGGRESSIVE;
				CLANG_CXX_LANGUAGE_STANDARD = "gnu++20";
				CLANG_ENABLE_MODULES = YES;
				CLANG_ENABLE_OBJC_ARC = YES;
				CLANG_ENABLE_OBJC_WEAK = YES;
				CLANG_WARN_BLOCK_CAPTURE_AUTORELEASING = YES;
				CLANG_WARN_BOOL_CONVERSION = YES;
				CLANG_WARN_COMMA = YES;
				CLANG_WARN_CONSTANT_CONVERSION = YES;
				CLANG_WARN_DEPRECATED_OBJC_IMPLEMENTATIONS = YES;
				CLANG_WARN_DIRECT_OBJC_ISA_USAGE = YES_ERROR;
				CLANG_WARN_DOCUMENTATION_COMMENTS = YES;
				CLANG_WARN_EMPTY_BODY = YES;
				CLANG_WARN_ENUM_CONVERSION = YES;
				CLANG_WARN_INFINITE_RECURSION = YES;
				CLANG_WARN_INT_CONVERSION = YES;
				CLANG_WARN_NON_LITERAL_NULL_CONVERSION = YES;
				CLANG_WARN_OBJC_IMPLICIT_RETAIN_SELF = YES;
				CLANG_WARN_OBJC_LITERAL_CONVERSION = YES;
				CLANG_WARN_OBJC_ROOT_CLASS = YES_ERROR;
				CLANG_WARN_QUOTED_INCLUDE_IN_FRAMEWORK_HEADER = YES;
				CLANG_WARN_RANGE_LOOP_ANALYSIS = YES;
				CLANG_WARN_STRICT_PROTOTYPES = YES;
				CLANG_WARN_SUSPICIOUS_MOVE = YES;
				CLANG_WARN_UNGUARDED_AVAILABILITY = YES_AGGRESSIVE;
				CLANG_WARN_UNREACHABLE_CODE = YES;
				CLANG_WARN__DUPLICATE_METHOD_MATCH = YES;
				COPY_PHASE_STRIP = NO;
				DEBUG_INFORMATION_FORMAT = dwarf;
				ENABLE_STRICT_OBJC_MSGSEND = YES;
				ENABLE_TESTABILITY = YES;
				GCC_C_LANGUAGE_STANDARD = gnu11;
				GCC_DYNAMIC_NO_PIC = NO;
				GCC_NO_COMMON_BLOCKS = YES;
				GCC_OPTIMIZATION_LEVEL = 0;
				GCC_PREPROCESSOR_DEFINITIONS = (
					"DEBUG=1",
					"$(inherited)",
				);
				GCC_WARN_64_TO_32_BIT_CONVERSION = YES;
				GCC_WARN_ABOUT_RETURN_TYPE = YES_ERROR;
				GCC_WARN_UNDECLARED_SELECTOR = YES;
				GCC_WARN_UNINITIALIZED_AUTOS = YES_AGGRESSIVE;
				GCC_WARN_UNUSED_FUNCTION = YES;
				GCC_WARN_UNUSED_VARIABLE = YES;
				IPHONEOS_DEPLOYMENT_TARGET = 16.4;
				MTL_ENABLE_DEBUG_INFO = INCLUDE_SOURCE;
				MTL_FAST_MATH = YES;
				ONLY_ACTIVE_ARCH = YES;
				SDKROOT = iphoneos;
				SWIFT_ACTIVE_COMPILATION_CONDITIONS = DEBUG;
				SWIFT_OPTIMIZATION_LEVEL = "-Onone";
			};
			name = Debug;
		};
		F161C3E22A062BBF00EFA327 /* Release */ = {
			isa = XCBuildConfiguration;
			buildSettings = {
				ALWAYS_SEARCH_USER_PATHS = NO;
				CLANG_ANALYZER_NONNULL = YES;
				CLANG_ANALYZER_NUMBER_OBJECT_CONVERSION = YES_AGGRESSIVE;
				CLANG_CXX_LANGUAGE_STANDARD = "gnu++20";
				CLANG_ENABLE_MODULES = YES;
				CLANG_ENABLE_OBJC_ARC = YES;
				CLANG_ENABLE_OBJC_WEAK = YES;
				CLANG_WARN_BLOCK_CAPTURE_AUTORELEASING = YES;
				CLANG_WARN_BOOL_CONVERSION = YES;
				CLANG_WARN_COMMA = YES;
				CLANG_WARN_CONSTANT_CONVERSION = YES;
				CLANG_WARN_DEPRECATED_OBJC_IMPLEMENTATIONS = YES;
				CLANG_WARN_DIRECT_OBJC_ISA_USAGE = YES_ERROR;
				CLANG_WARN_DOCUMENTATION_COMMENTS = YES;
				CLANG_WARN_EMPTY_BODY = YES;
				CLANG_WARN_ENUM_CONVERSION = YES;
				CLANG_WARN_INFINITE_RECURSION = YES;
				CLANG_WARN_INT_CONVERSION = YES;
				CLANG_WARN_NON_LITERAL_NULL_CONVERSION = YES;
				CLANG_WARN_OBJC_IMPLICIT_RETAIN_SELF = YES;
				CLANG_WARN_OBJC_LITERAL_CONVERSION = YES;
				CLANG_WARN_OBJC_ROOT_CLASS = YES_ERROR;
				CLANG_WARN_QUOTED_INCLUDE_IN_FRAMEWORK_HEADER = YES;
				CLANG_WARN_RANGE_LOOP_ANALYSIS = YES;
				CLANG_WARN_STRICT_PROTOTYPES = YES;
				CLANG_WARN_SUSPICIOUS_MOVE = YES;
				CLANG_WARN_UNGUARDED_AVAILABILITY = YES_AGGRESSIVE;
				CLANG_WARN_UNREACHABLE_CODE = YES;
				CLANG_WARN__DUPLICATE_METHOD_MATCH = YES;
				COPY_PHASE_STRIP = NO;
				DEBUG_INFORMATION_FORMAT = "dwarf-with-dsym";
				ENABLE_NS_ASSERTIONS = NO;
				ENABLE_STRICT_OBJC_MSGSEND = YES;
				GCC_C_LANGUAGE_STANDARD = gnu11;
				GCC_NO_COMMON_BLOCKS = YES;
				GCC_WARN_64_TO_32_BIT_CONVERSION = YES;
				GCC_WARN_ABOUT_RETURN_TYPE = YES_ERROR;
				GCC_WARN_UNDECLARED_SELECTOR = YES;
				GCC_WARN_UNINITIALIZED_AUTOS = YES_AGGRESSIVE;
				GCC_WARN_UNUSED_FUNCTION = YES;
				GCC_WARN_UNUSED_VARIABLE = YES;
				IPHONEOS_DEPLOYMENT_TARGET = 16.4;
				MTL_ENABLE_DEBUG_INFO = NO;
				MTL_FAST_MATH = YES;
				SDKROOT = iphoneos;
				SWIFT_COMPILATION_MODE = wholemodule;
				SWIFT_OPTIMIZATION_LEVEL = "-O";
				VALIDATE_PRODUCT = YES;
			};
			name = Release;
		};
		F161C3E42A062BBF00EFA327 /* Debug */ = {
			isa = XCBuildConfiguration;
			baseConfigurationReference = 30602AFBD608BC37741CE503 /* Pods-randomuser.debug.xcconfig */;
			buildSettings = {
				ASSETCATALOG_COMPILER_APPICON_NAME = AppIcon;
				ASSETCATALOG_COMPILER_GLOBAL_ACCENT_COLOR_NAME = AccentColor;
				CODE_SIGN_STYLE = Automatic;
				CURRENT_PROJECT_VERSION = 1;
				DEVELOPMENT_TEAM = NYL3GM2ZVK;
				GENERATE_INFOPLIST_FILE = YES;
				INFOPLIST_FILE = randomuser/Info.plist;
				INFOPLIST_KEY_UIApplicationSupportsIndirectInputEvents = YES;
				INFOPLIST_KEY_UILaunchStoryboardName = LaunchScreen;
				INFOPLIST_KEY_UIMainStoryboardFile = Main;
				INFOPLIST_KEY_UIStatusBarStyle = "";
				INFOPLIST_KEY_UISupportedInterfaceOrientations_iPad = "UIInterfaceOrientationLandscapeLeft UIInterfaceOrientationLandscapeRight UIInterfaceOrientationPortrait UIInterfaceOrientationPortraitUpsideDown";
				IPHONEOS_DEPLOYMENT_TARGET = 13.0;
				LD_RUNPATH_SEARCH_PATHS = (
					"$(inherited)",
					"@executable_path/Frameworks",
				);
				MARKETING_VERSION = 1.0;
				PRODUCT_BUNDLE_IDENTIFIER = com.black.K.randomuser;
				PRODUCT_NAME = "$(TARGET_NAME)";
				SWIFT_EMIT_LOC_STRINGS = YES;
				SWIFT_VERSION = 5.0;
				TARGETED_DEVICE_FAMILY = "1,2";
			};
			name = Debug;
		};
		F161C3E52A062BBF00EFA327 /* Release */ = {
			isa = XCBuildConfiguration;
			baseConfigurationReference = BB46754EEA1DCC2956680513 /* Pods-randomuser.release.xcconfig */;
			buildSettings = {
				ASSETCATALOG_COMPILER_APPICON_NAME = AppIcon;
				ASSETCATALOG_COMPILER_GLOBAL_ACCENT_COLOR_NAME = AccentColor;
				CODE_SIGN_STYLE = Automatic;
				CURRENT_PROJECT_VERSION = 1;
				DEVELOPMENT_TEAM = NYL3GM2ZVK;
				GENERATE_INFOPLIST_FILE = YES;
				INFOPLIST_FILE = randomuser/Info.plist;
				INFOPLIST_KEY_UIApplicationSupportsIndirectInputEvents = YES;
				INFOPLIST_KEY_UILaunchStoryboardName = LaunchScreen;
				INFOPLIST_KEY_UIMainStoryboardFile = Main;
				INFOPLIST_KEY_UIStatusBarStyle = "";
				INFOPLIST_KEY_UISupportedInterfaceOrientations_iPad = "UIInterfaceOrientationLandscapeLeft UIInterfaceOrientationLandscapeRight UIInterfaceOrientationPortrait UIInterfaceOrientationPortraitUpsideDown";
				IPHONEOS_DEPLOYMENT_TARGET = 13.0;
				LD_RUNPATH_SEARCH_PATHS = (
					"$(inherited)",
					"@executable_path/Frameworks",
				);
				MARKETING_VERSION = 1.0;
				PRODUCT_BUNDLE_IDENTIFIER = com.black.K.randomuser;
				PRODUCT_NAME = "$(TARGET_NAME)";
				SWIFT_EMIT_LOC_STRINGS = YES;
				SWIFT_VERSION = 5.0;
				TARGETED_DEVICE_FAMILY = "1,2";
			};
			name = Release;
		};
/* End XCBuildConfiguration section */

/* Begin XCConfigurationList section */
		F161C3CA2A062BBE00EFA327 /* Build configuration list for PBXProject "randomuser" */ = {
			isa = XCConfigurationList;
			buildConfigurations = (
				F161C3E12A062BBF00EFA327 /* Debug */,
				F161C3E22A062BBF00EFA327 /* Release */,
			);
			defaultConfigurationIsVisible = 0;
			defaultConfigurationName = Release;
		};
		F161C3E32A062BBF00EFA327 /* Build configuration list for PBXNativeTarget "randomuser" */ = {
			isa = XCConfigurationList;
			buildConfigurations = (
				F161C3E42A062BBF00EFA327 /* Debug */,
				F161C3E52A062BBF00EFA327 /* Release */,
			);
			defaultConfigurationIsVisible = 0;
			defaultConfigurationName = Release;
		};
/* End XCConfigurationList section */
	};
	rootObject = F161C3C72A062BBE00EFA327 /* Project object */;
}
